
Microsoft Visual Studio Solution File, Format Version 12.00
# Visual Studio Version 16
VisualStudioVersion = 16.0.30330.147
MinimumVisualStudioVersion = 10.0.40219.1
Project("{FAE04EC0-301F-11D3-BF4B-00C04F79EFBC}") = "dz1", "dz1\dz1.csproj", "{BACBB971-666F-4783-80AE-DCA6200FDE16}"
EndProject
Global
	GlobalSection(SolutionConfigurationPlatforms) = preSolution
		Debug|Any CPU = Debug|Any CPU
		Release|Any CPU = Release|Any CPU
	EndGlobalSection
	GlobalSection(ProjectConfigurationPlatforms) = postSolution
		{BACBB971-666F-4783-80AE-DCA6200FDE16}.Debug|Any CPU.ActiveCfg = Debug|Any CPU
		{BACBB971-666F-4783-80AE-DCA6200FDE16}.Debug|Any CPU.Build.0 = Debug|Any CPU
		{BACBB971-666F-4783-80AE-DCA6200FDE16}.Release|Any CPU.ActiveCfg = Release|Any CPU
		{BACBB971-666F-4783-80AE-DCA6200FDE16}.Release|Any CPU.Build.0 = Release|Any CPU
	EndGlobalSection
	GlobalSection(SolutionProperties) = preSolution
		HideSolutionNode = FALSE
	EndGlobalSection
	GlobalSection(ExtensibilityGlobals) = postSolution
		SolutionGuid = {C9F685AD-480C-4531-A32A-6564EFEA19B3}
	EndGlobalSection
EndGlobal
