
Microsoft Visual Studio Solution File, Format Version 12.00
# Visual Studio Version 16
VisualStudioVersion = 16.0.30330.147
MinimumVisualStudioVersion = 10.0.40219.1
Project("{FAE04EC0-301F-11D3-BF4B-00C04F79EFBC}") = "prak", "prak\prak.csproj", "{52D5D0EC-5931-4603-8616-3BF5B0CB8714}"
EndProject
Global
	GlobalSection(SolutionConfigurationPlatforms) = preSolution
		Debug|Any CPU = Debug|Any CPU
		Release|Any CPU = Release|Any CPU
	EndGlobalSection
	GlobalSection(ProjectConfigurationPlatforms) = postSolution
		{52D5D0EC-5931-4603-8616-3BF5B0CB8714}.Debug|Any CPU.ActiveCfg = Debug|Any CPU
		{52D5D0EC-5931-4603-8616-3BF5B0CB8714}.Debug|Any CPU.Build.0 = Debug|Any CPU
		{52D5D0EC-5931-4603-8616-3BF5B0CB8714}.Release|Any CPU.ActiveCfg = Release|Any CPU
		{52D5D0EC-5931-4603-8616-3BF5B0CB8714}.Release|Any CPU.Build.0 = Release|Any CPU
	EndGlobalSection
	GlobalSection(SolutionProperties) = preSolution
		HideSolutionNode = FALSE
	EndGlobalSection
	GlobalSection(ExtensibilityGlobals) = postSolution
		SolutionGuid = {AAB0CCBC-4F04-415E-BC58-F6067370A06D}
	EndGlobalSection
EndGlobal
